<Solution>
  <Project Path="Ejercicio1/Ejercicio1.csproj" Id="9525a6ba-cfe5-4275-9981-c19ecc0390de" />
  <Project Path="Ejercicio2/Ejercicio2.csproj" Id="27c69976-0a2c-4e48-9e82-4b340607257a" />
  <Project Path="Ejercicio3/Ejercicio3.csproj" Id="7b721b05-f70c-4da9-be2c-ee6e327a301e" />
  <Project Path="Ejercicio4/Ejercicio4.csproj" Id="cf278584-abff-4cb7-b223-8a09db96cd61" />
  <Project Path="Ejercicio5/Ejercicio5.csproj" Id="471edfb4-dda2-488f-8743-d5177d1e251f" />
  <Project Path="Ejercicio6/Ejercicio6.csproj" Id="7430ae0c-24c0-4504-b131-3eb670dc1a3e" />
</Solution>
